
Microsoft Visual Studio Solution File, Format Version 12.00
# Visual Studio Version 17
VisualStudioVersion = 17.3.32825.248
MinimumVisualStudioVersion = 10.0.40219.1
Project("{8BC9CEB8-8B4A-11D0-8D11-00A0C91BC942}") = "codeforces 1670B", "codeforces 1670B\codeforces 1670B.vcxproj", "{173F350D-4CB6-43D5-8B92-24754EEDE3E5}"
EndProject
Global
	GlobalSection(SolutionConfigurationPlatforms) = preSolution
		Debug|x64 = Debug|x64
		Debug|x86 = Debug|x86
		Release|x64 = Release|x64
		Release|x86 = Release|x86
	EndGlobalSection
	GlobalSection(ProjectConfigurationPlatforms) = postSolution
		{173F350D-4CB6-43D5-8B92-24754EEDE3E5}.Debug|x64.ActiveCfg = Debug|x64
		{173F350D-4CB6-43D5-8B92-24754EEDE3E5}.Debug|x64.Build.0 = Debug|x64
		{173F350D-4CB6-43D5-8B92-24754EEDE3E5}.Debug|x86.ActiveCfg = Debug|Win32
		{173F350D-4CB6-43D5-8B92-24754EEDE3E5}.Debug|x86.Build.0 = Debug|Win32
		{173F350D-4CB6-43D5-8B92-24754EEDE3E5}.Release|x64.ActiveCfg = Release|x64
		{173F350D-4CB6-43D5-8B92-24754EEDE3E5}.Release|x64.Build.0 = Release|x64
		{173F350D-4CB6-43D5-8B92-24754EEDE3E5}.Release|x86.ActiveCfg = Release|Win32
		{173F350D-4CB6-43D5-8B92-24754EEDE3E5}.Release|x86.Build.0 = Release|Win32
	EndGlobalSection
	GlobalSection(SolutionProperties) = preSolution
		HideSolutionNode = FALSE
	EndGlobalSection
	GlobalSection(ExtensibilityGlobals) = postSolution
		SolutionGuid = {7C21B31C-9E85-482C-A3FF-E7925CA912D8}
	EndGlobalSection
EndGlobal
